
Microsoft Visual Studio Solution File, Format Version 12.00
# Visual Studio Version 17
VisualStudioVersion = 17.4.33205.214
MinimumVisualStudioVersion = 10.0.40219.1
Project("{FAE04EC0-301F-11D3-BF4B-00C04F79EFBC}") = "BasicCodingPractice", "BasicCodingPractice\BasicCodingPractice.csproj", "{642C8E2E-5E61-4330-9AEC-AA61395FED4C}"
EndProject
Global
	GlobalSection(SolutionConfigurationPlatforms) = preSolution
		Debug|Any CPU = Debug|Any CPU
		Release|Any CPU = Release|Any CPU
	EndGlobalSection
	GlobalSection(ProjectConfigurationPlatforms) = postSolution
		{642C8E2E-5E61-4330-9AEC-AA61395FED4C}.Debug|Any CPU.ActiveCfg = Debug|Any CPU
		{642C8E2E-5E61-4330-9AEC-AA61395FED4C}.Debug|Any CPU.Build.0 = Debug|Any CPU
		{642C8E2E-5E61-4330-9AEC-AA61395FED4C}.Release|Any CPU.ActiveCfg = Release|Any CPU
		{642C8E2E-5E61-4330-9AEC-AA61395FED4C}.Release|Any CPU.Build.0 = Release|Any CPU
	EndGlobalSection
	GlobalSection(SolutionProperties) = preSolution
		HideSolutionNode = FALSE
	EndGlobalSection
	GlobalSection(ExtensibilityGlobals) = postSolution
		SolutionGuid = {134E1A2F-2005-4B10-80B0-04208CB0B041}
	EndGlobalSection
EndGlobal
