
Microsoft Visual Studio Solution File, Format Version 12.00
# Visual Studio Version 17
VisualStudioVersion = 17.4.33205.214
MinimumVisualStudioVersion = 10.0.40219.1
Project("{FAE04EC0-301F-11D3-BF4B-00C04F79EFBC}") = "no_even_odd", "no_even_odd\no_even_odd.csproj", "{C755A015-A280-4844-9DAD-3F8973CFA4F4}"
EndProject
Global
	GlobalSection(SolutionConfigurationPlatforms) = preSolution
		Debug|Any CPU = Debug|Any CPU
		Release|Any CPU = Release|Any CPU
	EndGlobalSection
	GlobalSection(ProjectConfigurationPlatforms) = postSolution
		{C755A015-A280-4844-9DAD-3F8973CFA4F4}.Debug|Any CPU.ActiveCfg = Debug|Any CPU
		{C755A015-A280-4844-9DAD-3F8973CFA4F4}.Debug|Any CPU.Build.0 = Debug|Any CPU
		{C755A015-A280-4844-9DAD-3F8973CFA4F4}.Release|Any CPU.ActiveCfg = Release|Any CPU
		{C755A015-A280-4844-9DAD-3F8973CFA4F4}.Release|Any CPU.Build.0 = Release|Any CPU
	EndGlobalSection
	GlobalSection(SolutionProperties) = preSolution
		HideSolutionNode = FALSE
	EndGlobalSection
	GlobalSection(ExtensibilityGlobals) = postSolution
		SolutionGuid = {4D62C3A3-70DE-404D-823C-2D2553BCF3C6}
	EndGlobalSection
EndGlobal
